
Microsoft Visual Studio Solution File, Format Version 12.00
# Visual Studio Version 17
VisualStudioVersion = 17.4.33122.133
MinimumVisualStudioVersion = 10.0.40219.1
Project("{FAE04EC0-301F-11D3-BF4B-00C04F79EFBC}") = "Shopping List", "Shopping List\Shopping List.csproj", "{21B0BB1C-2A8F-4849-92AB-CD6F7FDEFC5E}"
EndProject
Global
	GlobalSection(SolutionConfigurationPlatforms) = preSolution
		Debug|Any CPU = Debug|Any CPU
		Release|Any CPU = Release|Any CPU
	EndGlobalSection
	GlobalSection(ProjectConfigurationPlatforms) = postSolution
		{21B0BB1C-2A8F-4849-92AB-CD6F7FDEFC5E}.Debug|Any CPU.ActiveCfg = Debug|Any CPU
		{21B0BB1C-2A8F-4849-92AB-CD6F7FDEFC5E}.Debug|Any CPU.Build.0 = Debug|Any CPU
		{21B0BB1C-2A8F-4849-92AB-CD6F7FDEFC5E}.Release|Any CPU.ActiveCfg = Release|Any CPU
		{21B0BB1C-2A8F-4849-92AB-CD6F7FDEFC5E}.Release|Any CPU.Build.0 = Release|Any CPU
	EndGlobalSection
	GlobalSection(SolutionProperties) = preSolution
		HideSolutionNode = FALSE
	EndGlobalSection
	GlobalSection(ExtensibilityGlobals) = postSolution
		SolutionGuid = {AC2CA94A-E2FB-49B8-B196-221CBD73F86D}
	EndGlobalSection
EndGlobal
